
Microsoft Visual Studio Solution File, Format Version 12.00
Project("{2150E333-8FDC-42A3-9474-1A3956D46DE8}") = "src", "src", "{0DA43AC2-5691-4C24-B360-4E9DF94642FC}"
EndProject
Project("{FAE04EC0-301F-11D3-BF4B-00C04F79EFBC}") = "PortalProveedor.Domain", "PortalProveedor.Domain\PortalProveedor.Domain.csproj", "{76433629-39C2-4CDD-83B5-CD5F9A81E529}"
EndProject
Global
	GlobalSection(SolutionConfigurationPlatforms) = preSolution
		Debug|Any CPU = Debug|Any CPU
		Release|Any CPU = Release|Any CPU
	EndGlobalSection
	GlobalSection(NestedProjects) = preSolution
		{76433629-39C2-4CDD-83B5-CD5F9A81E529} = {0DA43AC2-5691-4C24-B360-4E9DF94642FC}
	EndGlobalSection
	GlobalSection(ProjectConfigurationPlatforms) = postSolution
		{76433629-39C2-4CDD-83B5-CD5F9A81E529}.Debug|Any CPU.ActiveCfg = Debug|Any CPU
		{76433629-39C2-4CDD-83B5-CD5F9A81E529}.Debug|Any CPU.Build.0 = Debug|Any CPU
		{76433629-39C2-4CDD-83B5-CD5F9A81E529}.Release|Any CPU.ActiveCfg = Release|Any CPU
		{76433629-39C2-4CDD-83B5-CD5F9A81E529}.Release|Any CPU.Build.0 = Release|Any CPU
	EndGlobalSection
EndGlobal
